
Microsoft Visual Studio Solution File, Format Version 12.00
# Visual Studio Version 17
VisualStudioVersion = 17.8.34330.188
MinimumVisualStudioVersion = 10.0.40219.1
Project("{FAE04EC0-301F-11D3-BF4B-00C04F79EFBC}") = "BrickTrickWeb", "BrickTrickWeb\BrickTrickWeb.csproj", "{9BEE8B27-C1AA-4278-8F5E-6E7D5C87B67E}"
EndProject
Global
	GlobalSection(SolutionConfigurationPlatforms) = preSolution
		Debug|Any CPU = Debug|Any CPU
		Release|Any CPU = Release|Any CPU
	EndGlobalSection
	GlobalSection(ProjectConfigurationPlatforms) = postSolution
		{9BEE8B27-C1AA-4278-8F5E-6E7D5C87B67E}.Debug|Any CPU.ActiveCfg = Debug|Any CPU
		{9BEE8B27-C1AA-4278-8F5E-6E7D5C87B67E}.Debug|Any CPU.Build.0 = Debug|Any CPU
		{9BEE8B27-C1AA-4278-8F5E-6E7D5C87B67E}.Release|Any CPU.ActiveCfg = Release|Any CPU
		{9BEE8B27-C1AA-4278-8F5E-6E7D5C87B67E}.Release|Any CPU.Build.0 = Release|Any CPU
	EndGlobalSection
	GlobalSection(SolutionProperties) = preSolution
		HideSolutionNode = FALSE
	EndGlobalSection
	GlobalSection(ExtensibilityGlobals) = postSolution
		SolutionGuid = {E49935F9-4030-43C6-A7C9-B43C9712F18C}
	EndGlobalSection
EndGlobal
